// !$*UTF8*$!
{
	archiveVersion = 1;
	classes = {
	};
	objectVersion = 46;
	objects = {

/* Begin PBXBuildFile section */
		A53113831B2995140087452E /* AppDelegate.swift in Sources */ = {isa = PBXBuildFile; fileRef = A53113821B2995140087452E /* AppDelegate.swift */; };
		A53113851B2995140087452E /* ViewController.swift in Sources */ = {isa = PBXBuildFile; fileRef = A53113841B2995140087452E /* ViewController.swift */; };
		A53113881B2995140087452E /* Main.storyboard in Resources */ = {isa = PBXBuildFile; fileRef = A53113861B2995140087452E /* Main.storyboard */; };
		A531138A1B2995140087452E /* Images.xcassets in Resources */ = {isa = PBXBuildFile; fileRef = A53113891B2995140087452E /* Images.xcassets */; };
		A531138D1B2995140087452E /* LaunchScreen.xib in Resources */ = {isa = PBXBuildFile; fileRef = A531138B1B2995140087452E /* LaunchScreen.xib */; };
		A53113A31B2995410087452E /* D3Notice.swift in Sources */ = {isa = PBXBuildFile; fileRef = A53113A21B2995410087452E /* D3Notice.swift */; };
/* End PBXBuildFile section */

/* Begin PBXFileReference section */
		A531137D1B2995140087452E /* D3Notice.app */ = {isa = PBXFileReference; explicitFileType = wrapper.application; includeInIndex = 0; path = D3Notice.app; sourceTree = BUILT_PRODUCTS_DIR; };
		A53113811B2995140087452E /* Info.plist */ = {isa = PBXFileReference; lastKnownFileType = text.plist.xml; path = Info.plist; sourceTree = "<group>"; };
		A53113821B2995140087452E /* AppDelegate.swift */ = {isa = PBXFileReference; lastKnownFileType = sourcecode.swift; path = AppDelegate.swift; sourceTree = "<group>"; };
		A53113841B2995140087452E /* ViewController.swift */ = {isa = PBXFileReference; lastKnownFileType = sourcecode.swift; path = ViewController.swift; sourceTree = "<group>"; };
		A53113871B2995140087452E /* Base */ = {isa = PBXFileReference; lastKnownFileType = file.storyboard; name = Base; path = Base.lproj/Main.storyboard; sourceTree = "<group>"; };
		A53113891B2995140087452E /* Images.xcassets */ = {isa = PBXFileReference; lastKnownFileType = folder.assetcatalog; path = Images.xcassets; sourceTree = "<group>"; };
		A531138C1B2995140087452E /* Base */ = {isa = PBXFileReference; lastKnownFileType = file.xib; name = Base; path = Base.lproj/LaunchScreen.xib; sourceTree = "<group>"; };
		A53113A21B2995410087452E /* D3Notice.swift */ = {isa = PBXFileReference; fileEncoding = 4; lastKnownFileType = sourcecode.swift; path = D3Notice.swift; sourceTree = "<group>"; };
/* End PBXFileReference section */

/* Begin PBXFrameworksBuildPhase section */
		A531137A1B2995140087452E /* Frameworks */ = {
			isa = PBXFrameworksBuildPhase;
			buildActionMask = 2147483647;
			files = (
			);
			runOnlyForDeploymentPostprocessing = 0;
		};
/* End PBXFrameworksBuildPhase section */

/* Begin PBXGroup section */
		A53113741B2995140087452E = {
			isa = PBXGroup;
			children = (
				A53113A21B2995410087452E /* D3Notice.swift */,
				A531137F1B2995140087452E /* D3Notice */,
				A531137E1B2995140087452E /* Products */,
			);
			sourceTree = "<group>";
		};
		A531137E1B2995140087452E /* Products */ = {
			isa = PBXGroup;
			children = (
				A531137D1B2995140087452E /* D3Notice.app */,
			);
			name = Products;
			sourceTree = "<group>";
		};
		A531137F1B2995140087452E /* D3Notice */ = {
			isa = PBXGroup;
			children = (
				A53113821B2995140087452E /* AppDelegate.swift */,
				A53113841B2995140087452E /* ViewController.swift */,
				A53113861B2995140087452E /* Main.storyboard */,
				A53113891B2995140087452E /* Images.xcassets */,
				A531138B1B2995140087452E /* LaunchScreen.xib */,
				A53113801B2995140087452E /* Supporting Files */,
			);
			path = D3Notice;
			sourceTree = "<group>";
		};
		A53113801B2995140087452E /* Supporting Files */ = {
			isa = PBXGroup;
			children = (
				A53113811B2995140087452E /* Info.plist */,
			);
			name = "Supporting Files";
			sourceTree = "<group>";
		};
/* End PBXGroup section */

/* Begin PBXNativeTarget section */
		A531137C1B2995140087452E /* D3Notice */ = {
			isa = PBXNativeTarget;
			buildConfigurationList = A531139C1B2995150087452E /* Build configuration list for PBXNativeTarget "D3Notice" */;
			buildPhases = (
				A53113791B2995140087452E /* Sources */,
				A531137A1B2995140087452E /* Frameworks */,
				A531137B1B2995140087452E /* Resources */,
			);
			buildRules = (
			);
			dependencies = (
			);
			name = D3Notice;
			productName = D3Notice;
			productReference = A531137D1B2995140087452E /* D3Notice.app */;
			productType = "com.apple.product-type.application";
		};
/* End PBXNativeTarget section */

/* Begin PBXProject section */
		A53113751B2995140087452E /* Project object */ = {
			isa = PBXProject;
			attributes = {
				LastSwiftUpdateCheck = 0700;
				LastUpgradeCheck = 0700;
				ORGANIZATIONNAME = mozhenhau;
				TargetAttributes = {
					A531137C1B2995140087452E = {
						CreatedOnToolsVersion = 6.3.2;
					};
				};
			};
			buildConfigurationList = A53113781B2995140087452E /* Build configuration list for PBXProject "D3Notice" */;
			compatibilityVersion = "Xcode 3.2";
			developmentRegion = English;
			hasScannedForEncodings = 0;
			knownRegions = (
				en,
				Base,
			);
			mainGroup = A53113741B2995140087452E;
			productRefGroup = A531137E1B2995140087452E /* Products */;
			projectDirPath = "";
			projectRoot = "";
			targets = (
				A531137C1B2995140087452E /* D3Notice */,
			);
		};
/* End PBXProject section */

/* Begin PBXResourcesBuildPhase section */
		A531137B1B2995140087452E /* Resources */ = {
			isa = PBXResourcesBuildPhase;
			buildActionMask = 2147483647;
			files = (
				A53113881B2995140087452E /* Main.storyboard in Resources */,
				A531138D1B2995140087452E /* LaunchScreen.xib in Resources */,
				A531138A1B2995140087452E /* Images.xcassets in Resources */,
			);
			runOnlyForDeploymentPostprocessing = 0;
		};
/* End PBXResourcesBuildPhase section */

/* Begin PBXSourcesBuildPhase section */
		A53113791B2995140087452E /* Sources */ = {
			isa = PBXSourcesBuildPhase;
			buildActionMask = 2147483647;
			files = (
				A53113851B2995140087452E /* ViewController.swift in Sources */,
				A53113831B2995140087452E /* AppDelegate.swift in Sources */,
				A53113A31B2995410087452E /* D3Notice.swift in Sources */,
			);
			runOnlyForDeploymentPostprocessing = 0;
		};
/* End PBXSourcesBuildPhase section */

/* Begin PBXVariantGroup section */
		A53113861B2995140087452E /* Main.storyboard */ = {
			isa = PBXVariantGroup;
			children = (
				A53113871B2995140087452E /* Base */,
			);
			name = Main.storyboard;
			sourceTree = "<group>";
		};
		A531138B1B2995140087452E /* LaunchScreen.xib */ = {
			isa = PBXVariantGroup;
			children = (
				A531138C1B2995140087452E /* Base */,
			);
			name = LaunchScreen.xib;
			sourceTree = "<group>";
		};
/* End PBXVariantGroup section */

/* Begin XCBuildConfiguration section */
		A531139A1B2995150087452E /* Debug */ = {
			isa = XCBuildConfiguration;
			buildSettings = {
				ALWAYS_SEARCH_USER_PATHS = NO;
				CLANG_CXX_LANGUAGE_STANDARD = "gnu++0x";
				CLANG_CXX_LIBRARY = "libc++";
				CLANG_ENABLE_MODULES = YES;
				CLANG_ENABLE_OBJC_ARC = YES;
				CLANG_WARN_BOOL_CONVERSION = YES;
				CLANG_WARN_CONSTANT_CONVERSION = YES;
				CLANG_WARN_DIRECT_OBJC_ISA_USAGE = YES_ERROR;
				CLANG_WARN_EMPTY_BODY = YES;
				CLANG_WARN_ENUM_CONVERSION = YES;
				CLANG_WARN_INT_CONVERSION = YES;
				CLANG_WARN_OBJC_ROOT_CLASS = YES_ERROR;
				CLANG_WARN_UNREACHABLE_CODE = YES;
				CLANG_WARN__DUPLICATE_METHOD_MATCH = YES;
				"CODE_SIGN_IDENTITY[sdk=iphoneos*]" = "iPhone Developer";
				COPY_PHASE_STRIP = NO;
				DEBUG_INFORMATION_FORMAT = "dwarf-with-dsym";
				ENABLE_STRICT_OBJC_MSGSEND = YES;
				ENABLE_TESTABILITY = YES;
				GCC_C_LANGUAGE_STANDARD = gnu99;
				GCC_DYNAMIC_NO_PIC = NO;
				GCC_NO_COMMON_BLOCKS = YES;
				GCC_OPTIMIZATION_LEVEL = 0;
				GCC_PREPROCESSOR_DEFINITIONS = (
					"DEBUG=1",
					"$(inherited)",
				);
				GCC_SYMBOLS_PRIVATE_EXTERN = NO;
				GCC_WARN_64_TO_32_BIT_CONVERSION = YES;
				GCC_WARN_ABOUT_RETURN_TYPE = YES_ERROR;
				GCC_WARN_UNDECLARED_SELECTOR = YES;
				GCC_WARN_UNINITIALIZED_AUTOS = YES_AGGRESSIVE;
				GCC_WARN_UNUSED_FUNCTION = YES;
				GCC_WARN_UNUSED_VARIABLE = YES;
				IPHONEOS_DEPLOYMENT_TARGET = 8.3;
				MTL_ENABLE_DEBUG_INFO = YES;
				ONLY_ACTIVE_ARCH = YES;
				SDKROOT = iphoneos;
				SWIFT_OPTIMIZATION_LEVEL = "-Onone";
			};
			name = Debug;
		};
		A531139B1B2995150087452E /* Release */ = {
			isa = XCBuildConfiguration;
			buildSettings = {
				ALWAYS_SEARCH_USER_PATHS = NO;
				CLANG_CXX_LANGUAGE_STANDARD = "gnu++0x";
				CLANG_CXX_LIBRARY = "libc++";
				CLANG_ENABLE_MODULES = YES;
				CLANG_ENABLE_OBJC_ARC = YES;
				CLANG_WARN_BOOL_CONVERSION = YES;
				CLANG_WARN_CONSTANT_CONVERSION = YES;
				CLANG_WARN_DIRECT_OBJC_ISA_USAGE = YES_ERROR;
				CLANG_WARN_EMPTY_BODY = YES;
				CLANG_WARN_ENUM_CONVERSION = YES;
				CLANG_WARN_INT_CONVERSION = YES;
				CLANG_WARN_OBJC_ROOT_CLASS = YES_ERROR;
				CLANG_WARN_UNREACHABLE_CODE = YES;
				CLANG_WARN__DUPLICATE_METHOD_MATCH = YES;
				"CODE_SIGN_IDENTITY[sdk=iphoneos*]" = "iPhone Developer";
				COPY_PHASE_STRIP = NO;
				DEBUG_INFORMATION_FORMAT = "dwarf-with-dsym";
				ENABLE_NS_ASSERTIONS = NO;
				ENABLE_STRICT_OBJC_MSGSEND = YES;
				GCC_C_LANGUAGE_STANDARD = gnu99;
				GCC_NO_COMMON_BLOCKS = YES;
				GCC_WARN_64_TO_32_BIT_CONVERSION = YES;
				GCC_WARN_ABOUT_RETURN_TYPE = YES_ERROR;
				GCC_WARN_UNDECLARED_SELECTOR = YES;
				GCC_WARN_UNINITIALIZED_AUTOS = YES_AGGRESSIVE;
				GCC_WARN_UNUSED_FUNCTION = YES;
				GCC_WARN_UNUSED_VARIABLE = YES;
				IPHONEOS_DEPLOYMENT_TARGET = 8.3;
				MTL_ENABLE_DEBUG_INFO = NO;
				SDKROOT = iphoneos;
				VALIDATE_PRODUCT = YES;
			};
			name = Release;
		};
		A531139D1B2995150087452E /* Debug */ = {
			isa = XCBuildConfiguration;
			buildSettings = {
				ASSETCATALOG_COMPILER_APPICON_NAME = AppIcon;
				INFOPLIST_FILE = D3Notice/Info.plist;
				LD_RUNPATH_SEARCH_PATHS = "$(inherited) @executable_path/Frameworks";
				PRODUCT_BUNDLE_IDENTIFIER = "com.d3.$(PRODUCT_NAME:rfc1034identifier)";
				PRODUCT_NAME = "$(TARGET_NAME)";
			};
			name = Debug;
		};
		A531139E1B2995150087452E /* Release */ = {
			isa = XCBuildConfiguration;
			buildSettings = {
				ASSETCATALOG_COMPILER_APPICON_NAME = AppIcon;
				INFOPLIST_FILE = D3Notice/Info.plist;
				LD_RUNPATH_SEARCH_PATHS = "$(inherited) @executable_path/Frameworks";
				PRODUCT_BUNDLE_IDENTIFIER = "com.d3.$(PRODUCT_NAME:rfc1034identifier)";
				PRODUCT_NAME = "$(TARGET_NAME)";
			};
			name = Release;
		};
/* End XCBuildConfiguration section */

/* Begin XCConfigurationList section */
		A53113781B2995140087452E /* Build configuration list for PBXProject "D3Notice" */ = {
			isa = XCConfigurationList;
			buildConfigurations = (
				A531139A1B2995150087452E /* Debug */,
				A531139B1B2995150087452E /* Release */,
			);
			defaultConfigurationIsVisible = 0;
			defaultConfigurationName = Release;
		};
		A531139C1B2995150087452E /* Build configuration list for PBXNativeTarget "D3Notice" */ = {
			isa = XCConfigurationList;
			buildConfigurations = (
				A531139D1B2995150087452E /* Debug */,
				A531139E1B2995150087452E /* Release */,
			);
			defaultConfigurationIsVisible = 0;
			defaultConfigurationName = Release;
		};
/* End XCConfigurationList section */
	};
	rootObject = A53113751B2995140087452E /* Project object */;
}
